
Microsoft Visual Studio Solution File, Format Version 12.00
# Visual Studio Version 16
VisualStudioVersion = 16.0.31005.135
MinimumVisualStudioVersion = 10.0.40219.1
Project("{FAE04EC0-301F-11D3-BF4B-00C04F79EFBC}") = "HajosTeszt", "HajosTeszt\HajosTeszt.csproj", "{9CCE91E9-2BE5-4697-A2F9-64B751C509C8}"
EndProject
Global
	GlobalSection(SolutionConfigurationPlatforms) = preSolution
		Debug|Any CPU = Debug|Any CPU
		Release|Any CPU = Release|Any CPU
	EndGlobalSection
	GlobalSection(ProjectConfigurationPlatforms) = postSolution
		{9CCE91E9-2BE5-4697-A2F9-64B751C509C8}.Debug|Any CPU.ActiveCfg = Debug|Any CPU
		{9CCE91E9-2BE5-4697-A2F9-64B751C509C8}.Debug|Any CPU.Build.0 = Debug|Any CPU
		{9CCE91E9-2BE5-4697-A2F9-64B751C509C8}.Release|Any CPU.ActiveCfg = Release|Any CPU
		{9CCE91E9-2BE5-4697-A2F9-64B751C509C8}.Release|Any CPU.Build.0 = Release|Any CPU
	EndGlobalSection
	GlobalSection(SolutionProperties) = preSolution
		HideSolutionNode = FALSE
	EndGlobalSection
	GlobalSection(ExtensibilityGlobals) = postSolution
		SolutionGuid = {EFEB4663-31AB-4D54-BEBE-D8282D244DE1}
	EndGlobalSection
EndGlobal
